
Microsoft Visual Studio Solution File, Format Version 12.00
# Visual Studio 15
VisualStudioVersion = 15.0.26124.0
MinimumVisualStudioVersion = 15.0.26124.0
Project("{2150E333-8FDC-42A3-9474-1A3956D46DE8}") = "src", "src", "{4A390172-0448-4115-ABF9-0CCBDDFE7806}"
EndProject
Project("{FAE04EC0-301F-11D3-BF4B-00C04F79EFBC}") = "EmployeeAppVSCode.EmployeeConsoleApp", "src\EmployeeAppVSCode.EmployeeConsoleApp\EmployeeAppVSCode.EmployeeConsoleApp.csproj", "{27D6E02F-F433-490A-9FFD-BFFEB48DD6DD}"
EndProject
Project("{FAE04EC0-301F-11D3-BF4B-00C04F79EFBC}") = "EmployeeAppVSCode.EmployeeComponent", "src\EmployeeAppVSCode.EmployeeComponent\EmployeeAppVSCode.EmployeeComponent.csproj", "{8674CD75-EAED-4873-9B60-4DDA9486EF6E}"
EndProject
Global
	GlobalSection(SolutionConfigurationPlatforms) = preSolution
		Debug|Any CPU = Debug|Any CPU
		Debug|x64 = Debug|x64
		Debug|x86 = Debug|x86
		Release|Any CPU = Release|Any CPU
		Release|x64 = Release|x64
		Release|x86 = Release|x86
	EndGlobalSection
	GlobalSection(SolutionProperties) = preSolution
		HideSolutionNode = FALSE
	EndGlobalSection
	GlobalSection(ProjectConfigurationPlatforms) = postSolution
		{27D6E02F-F433-490A-9FFD-BFFEB48DD6DD}.Debug|Any CPU.ActiveCfg = Debug|Any CPU
		{27D6E02F-F433-490A-9FFD-BFFEB48DD6DD}.Debug|Any CPU.Build.0 = Debug|Any CPU
		{27D6E02F-F433-490A-9FFD-BFFEB48DD6DD}.Debug|x64.ActiveCfg = Debug|Any CPU
		{27D6E02F-F433-490A-9FFD-BFFEB48DD6DD}.Debug|x64.Build.0 = Debug|Any CPU
		{27D6E02F-F433-490A-9FFD-BFFEB48DD6DD}.Debug|x86.ActiveCfg = Debug|Any CPU
		{27D6E02F-F433-490A-9FFD-BFFEB48DD6DD}.Debug|x86.Build.0 = Debug|Any CPU
		{27D6E02F-F433-490A-9FFD-BFFEB48DD6DD}.Release|Any CPU.ActiveCfg = Release|Any CPU
		{27D6E02F-F433-490A-9FFD-BFFEB48DD6DD}.Release|Any CPU.Build.0 = Release|Any CPU
		{27D6E02F-F433-490A-9FFD-BFFEB48DD6DD}.Release|x64.ActiveCfg = Release|Any CPU
		{27D6E02F-F433-490A-9FFD-BFFEB48DD6DD}.Release|x64.Build.0 = Release|Any CPU
		{27D6E02F-F433-490A-9FFD-BFFEB48DD6DD}.Release|x86.ActiveCfg = Release|Any CPU
		{27D6E02F-F433-490A-9FFD-BFFEB48DD6DD}.Release|x86.Build.0 = Release|Any CPU
		{8674CD75-EAED-4873-9B60-4DDA9486EF6E}.Debug|Any CPU.ActiveCfg = Debug|Any CPU
		{8674CD75-EAED-4873-9B60-4DDA9486EF6E}.Debug|Any CPU.Build.0 = Debug|Any CPU
		{8674CD75-EAED-4873-9B60-4DDA9486EF6E}.Debug|x64.ActiveCfg = Debug|Any CPU
		{8674CD75-EAED-4873-9B60-4DDA9486EF6E}.Debug|x64.Build.0 = Debug|Any CPU
		{8674CD75-EAED-4873-9B60-4DDA9486EF6E}.Debug|x86.ActiveCfg = Debug|Any CPU
		{8674CD75-EAED-4873-9B60-4DDA9486EF6E}.Debug|x86.Build.0 = Debug|Any CPU
		{8674CD75-EAED-4873-9B60-4DDA9486EF6E}.Release|Any CPU.ActiveCfg = Release|Any CPU
		{8674CD75-EAED-4873-9B60-4DDA9486EF6E}.Release|Any CPU.Build.0 = Release|Any CPU
		{8674CD75-EAED-4873-9B60-4DDA9486EF6E}.Release|x64.ActiveCfg = Release|Any CPU
		{8674CD75-EAED-4873-9B60-4DDA9486EF6E}.Release|x64.Build.0 = Release|Any CPU
		{8674CD75-EAED-4873-9B60-4DDA9486EF6E}.Release|x86.ActiveCfg = Release|Any CPU
		{8674CD75-EAED-4873-9B60-4DDA9486EF6E}.Release|x86.Build.0 = Release|Any CPU
	EndGlobalSection
	GlobalSection(NestedProjects) = preSolution
		{27D6E02F-F433-490A-9FFD-BFFEB48DD6DD} = {4A390172-0448-4115-ABF9-0CCBDDFE7806}
		{8674CD75-EAED-4873-9B60-4DDA9486EF6E} = {4A390172-0448-4115-ABF9-0CCBDDFE7806}
	EndGlobalSection
EndGlobal
